
Microsoft Visual Studio Solution File, Format Version 12.00
# Visual Studio Version 16
VisualStudioVersion = 16.0.30523.141
MinimumVisualStudioVersion = 10.0.40219.1
Project("{FAE04EC0-301F-11D3-BF4B-00C04F79EFBC}") = "SpriteDrawer", "SpriteDrawer\SpriteDrawer.csproj", "{4C1B3C81-F20E-4891-ACFA-F8AB4FE6BFF9}"
EndProject
Project("{FAE04EC0-301F-11D3-BF4B-00C04F79EFBC}") = "SpriteEditor", "SpriteEditor\SpriteEditor.csproj", "{F42D86C7-C7D3-429D-B069-6A08E9FC45EE}"
EndProject
Global
	GlobalSection(SolutionConfigurationPlatforms) = preSolution
		Debug|Any CPU = Debug|Any CPU
		Release|Any CPU = Release|Any CPU
	EndGlobalSection
	GlobalSection(ProjectConfigurationPlatforms) = postSolution
		{4C1B3C81-F20E-4891-ACFA-F8AB4FE6BFF9}.Debug|Any CPU.ActiveCfg = Debug|Any CPU
		{4C1B3C81-F20E-4891-ACFA-F8AB4FE6BFF9}.Debug|Any CPU.Build.0 = Debug|Any CPU
		{4C1B3C81-F20E-4891-ACFA-F8AB4FE6BFF9}.Release|Any CPU.ActiveCfg = Release|Any CPU
		{4C1B3C81-F20E-4891-ACFA-F8AB4FE6BFF9}.Release|Any CPU.Build.0 = Release|Any CPU
		{F42D86C7-C7D3-429D-B069-6A08E9FC45EE}.Debug|Any CPU.ActiveCfg = Debug|Any CPU
		{F42D86C7-C7D3-429D-B069-6A08E9FC45EE}.Debug|Any CPU.Build.0 = Debug|Any CPU
		{F42D86C7-C7D3-429D-B069-6A08E9FC45EE}.Release|Any CPU.ActiveCfg = Release|Any CPU
		{F42D86C7-C7D3-429D-B069-6A08E9FC45EE}.Release|Any CPU.Build.0 = Release|Any CPU
	EndGlobalSection
	GlobalSection(SolutionProperties) = preSolution
		HideSolutionNode = FALSE
	EndGlobalSection
	GlobalSection(ExtensibilityGlobals) = postSolution
		SolutionGuid = {6CC2FBAC-B0D6-46DF-9E99-94C5592669F9}
	EndGlobalSection
EndGlobal
